lockfileVersion: "6.0"

devDependencies:
    "@hurricano/prettier-config":
        specifier: ^1.0.1
        version: 1.0.1

packages:
    /@hurricano/prettier-config@1.0.1:
        resolution: { integrity: sha512-X22LkkNthzE1eg/+w1551SBWUuFNjT924FrgJ1zUgxzdQJsc73SJozeMbsnWWTRtZh7Y0dRIOappmquRkIjE0A== }
        dev: true
